
Microsoft Visual Studio Solution File, Format Version 12.00
Project("{FAE04EC0-301F-11D3-BF4B-00C04F79EFBC}") = "InsuranceApi", "InsuranceApi\InsuranceApi.csproj", "{C9AA8040-4D53-40F5-97FD-574B35A0EC2A}"
EndProject
Global
	GlobalSection(SolutionConfigurationPlatforms) = preSolution
		Debug|Any CPU = Debug|Any CPU
		Release|Any CPU = Release|Any CPU
	EndGlobalSection
	GlobalSection(ProjectConfigurationPlatforms) = postSolution
		{C9AA8040-4D53-40F5-97FD-574B35A0EC2A}.Debug|Any CPU.ActiveCfg = Debug|Any CPU
		{C9AA8040-4D53-40F5-97FD-574B35A0EC2A}.Debug|Any CPU.Build.0 = Debug|Any CPU
		{C9AA8040-4D53-40F5-97FD-574B35A0EC2A}.Release|Any CPU.ActiveCfg = Release|Any CPU
		{C9AA8040-4D53-40F5-97FD-574B35A0EC2A}.Release|Any CPU.Build.0 = Release|Any CPU
	EndGlobalSection
EndGlobal
